
Microsoft Visual Studio Solution File, Format Version 12.00
# Visual Studio Version 17
VisualStudioVersion = 17.6.33829.357
MinimumVisualStudioVersion = 10.0.40219.1
Project("{8BC9CEB8-8B4A-11D0-8D11-00A0C91BC942}") = "BOJ_3687_성냥개비", "BOJ_3687_성냥개비\BOJ_3687_성냥개비.vcxproj", "{2A5562C8-90E9-4FE7-932E-EF97E6F754E6}"
EndProject
Project("{8BC9CEB8-8B4A-11D0-8D11-00A0C91BC942}") = "BOJ_1943_동전분배", "BOJ_1943_동전분배\BOJ_1943_동전분배.vcxproj", "{3643CD9F-5260-45FC-AD05-75E76B9EB8BA}"
EndProject
Project("{8BC9CEB8-8B4A-11D0-8D11-00A0C91BC942}") = "BOJ_2169_로봇 조종하기", "BOJ_2169_로봇 조종하기\BOJ_2169_로봇 조종하기.vcxproj", "{5F0C098A-246E-4B40-9717-6691A61EC27C}"
EndProject
Project("{8BC9CEB8-8B4A-11D0-8D11-00A0C91BC942}") = "BOJ_24042_횡단보도", "BOJ_24042_횡단보도\BOJ_24042_횡단보도.vcxproj", "{5DDCE430-4989-4967-AC94-804B355AF0E4}"
EndProject
Project("{8BC9CEB8-8B4A-11D0-8D11-00A0C91BC942}") = "BOJ_13460_구슬탈출2", "BOJ_13460_구슬탈출2\BOJ_13460_구슬탈출2.vcxproj", "{9B759254-F401-47BB-B40A-F7053568DED9}"
EndProject
Project("{8BC9CEB8-8B4A-11D0-8D11-00A0C91BC942}") = "BOJ_3190_뱀", "BOJ_3190_뱀\BOJ_3190_뱀.vcxproj", "{1D05CB1B-FEC0-4498-8A66-D373BE952491}"
EndProject
Project("{8BC9CEB8-8B4A-11D0-8D11-00A0C91BC942}") = "BOJ_13458_시험감독", "BOJ_13458_시험감독\BOJ_13458_시험감독.vcxproj", "{FF49144D-5FD9-4DCC-85CB-0123398EC88A}"
EndProject
Project("{8BC9CEB8-8B4A-11D0-8D11-00A0C91BC942}") = "BOJ_14499_주사위 굴리기", "BOJ_14499_주사위 굴리기\BOJ_14499_주사위 굴리기.vcxproj", "{EB713F25-2AB6-4829-BCD1-4DC0019E6653}"
EndProject
Project("{8BC9CEB8-8B4A-11D0-8D11-00A0C91BC942}") = "BOJ_14500_테트로미노", "BOJ_14500_테트로미노\BOJ_14500_테트로미노.vcxproj", "{05D7D247-8253-4769-A8C3-EAC753C8B0BB}"
EndProject
Project("{8BC9CEB8-8B4A-11D0-8D11-00A0C91BC942}") = "BOJ_14501_퇴사", "BOJ_14501_퇴사\BOJ_14501_퇴사.vcxproj", "{178B4FBE-8BC2-47DA-9DF2-D5EAFC74E7EE}"
EndProject
Project("{8BC9CEB8-8B4A-11D0-8D11-00A0C91BC942}") = "BOJ_14502_연구소", "BOJ_14502_연구소\BOJ_14502_연구소.vcxproj", "{B1CC5DF6-6EE4-489F-A5C4-E95EA6BD0CFC}"
EndProject
Project("{8BC9CEB8-8B4A-11D0-8D11-00A0C91BC942}") = "BOJ_14503_로봇 청소기", "BOJ_14503_로봇 청소기\BOJ_14503_로봇 청소기.vcxproj", "{E4C9AB60-6A76-4C3F-8B34-C4D47B408D85}"
EndProject
Project("{8BC9CEB8-8B4A-11D0-8D11-00A0C91BC942}") = "BOJ_14888_연산자 끼워넣기", "BOJ_14888_연산자 끼워넣기\BOJ_14888_연산자 끼워넣기.vcxproj", "{3E75589E-03EB-44A3-B888-CD54098057E6}"
EndProject
Project("{8BC9CEB8-8B4A-11D0-8D11-00A0C91BC942}") = "BOJ_14889_스타트와 링크", "BOJ_14889_스타트와 링크\BOJ_14889_스타트와 링크.vcxproj", "{86A977CD-F216-45A9-8128-607EE441C7BA}"
EndProject
Project("{8BC9CEB8-8B4A-11D0-8D11-00A0C91BC942}") = "BOJ_14890_경사로", "BOJ_14890_경사로\BOJ_14890_경사로.vcxproj", "{DA8CE800-D856-46F8-A5F8-79DEDA1841EE}"
EndProject
Project("{8BC9CEB8-8B4A-11D0-8D11-00A0C91BC942}") = "BOJ_14891_톱니바퀴", "BOJ_14891_톱니바퀴\BOJ_14891_톱니바퀴.vcxproj", "{70FF5603-EEA2-412E-96BE-AC1CF6DD5C3B}"
EndProject
Project("{8BC9CEB8-8B4A-11D0-8D11-00A0C91BC942}") = "BOJ_15683_감시", "BOJ_15683_감시\BOJ_15683_감시.vcxproj", "{1822A354-B84A-46F1-A993-38625D4FCB6E}"
EndProject
Project("{8BC9CEB8-8B4A-11D0-8D11-00A0C91BC942}") = "BOJ_15684_사다리 조작", "BOJ_15684_사다리 조작\BOJ_15684_사다리 조작.vcxproj", "{A7DA34C3-F9EF-4300-933B-D0322F23AA6A}"
EndProject
Project("{8BC9CEB8-8B4A-11D0-8D11-00A0C91BC942}") = "BOJ_15685_드래곤커브", "BOJ_15685_드래곤커브\BOJ_15685_드래곤커브.vcxproj", "{C2ACCF93-095B-4187-88CC-DC11DDA8861D}"
EndProject
Project("{8BC9CEB8-8B4A-11D0-8D11-00A0C91BC942}") = "BOJ_15686_치킨 배달", "BOJ_15686_치킨 배달\BOJ_15686_치킨 배달.vcxproj", "{C16C194B-0FC4-47B1-A22B-E6EDDEF394F7}"
EndProject
Project("{8BC9CEB8-8B4A-11D0-8D11-00A0C91BC942}") = "BOJ_5373_큐빙", "BOJ_5373_큐빙\BOJ_5373_큐빙.vcxproj", "{167AF0F0-B04B-4AFC-A24F-AF340966F801}"
EndProject
Project("{8BC9CEB8-8B4A-11D0-8D11-00A0C91BC942}") = "BOJ_16235_나무 재테크", "BOJ_16235_나무 재테크\BOJ_16235_나무 재테크.vcxproj", "{2157E840-A021-4449-B260-912CE436B129}"
EndProject
Project("{8BC9CEB8-8B4A-11D0-8D11-00A0C91BC942}") = "BOJ_16236_아기 상어", "BOJ_16236_아기 상어\BOJ_16236_아기 상어.vcxproj", "{006E1002-C4BC-407C-BA73-7E113FF03449}"
EndProject
Project("{8BC9CEB8-8B4A-11D0-8D11-00A0C91BC942}") = "BOJ_17144_미세먼지 안녕!", "BOJ_17144_미세먼지 안녕!\BOJ_17144_미세먼지 안녕!.vcxproj", "{37572FE6-171E-4920-94EF-086E29D0EAF7}"
EndProject
Project("{8BC9CEB8-8B4A-11D0-8D11-00A0C91BC942}") = "BOJ_17143_낚시왕", "BOJ_17143_낚시왕\BOJ_17143_낚시왕.vcxproj", "{E1AB1CBD-4793-4219-9AC0-B4FAACE49E91}"
EndProject
Project("{8BC9CEB8-8B4A-11D0-8D11-00A0C91BC942}") = "BOJ_17140_이차원 배열과 연산", "BOJ_17140_이차원 배열과 연산\BOJ_17140_이차원 배열과 연산.vcxproj", "{408D58E4-02B2-4E5D-89A8-BF4DA8AC9909}"
EndProject
Project("{8BC9CEB8-8B4A-11D0-8D11-00A0C91BC942}") = "BOJ_17142_연구소 3", "BOJ_17142_연구소 3\BOJ_17142_연구소 3.vcxproj", "{0BBB7C53-3DFA-40F7-9D3A-3AF10B570E47}"
EndProject
Project("{8BC9CEB8-8B4A-11D0-8D11-00A0C91BC942}") = "BOJ_1463_1로 만들기", "BOJ_1463_1로 만들기\BOJ_1463_1로 만들기.vcxproj", "{97A8528C-A1B9-4A97-873A-01E7BE0E8B39}"
EndProject
Project("{8BC9CEB8-8B4A-11D0-8D11-00A0C91BC942}") = "BOJ_17779_게리맨더링 2", "BOJ_17779_게리맨더링 2\BOJ_17779_게리맨더링 2.vcxproj", "{1F07CD6E-5F85-4233-9919-EB047692E47A}"
EndProject
Project("{8BC9CEB8-8B4A-11D0-8D11-00A0C91BC942}") = "BOJ_10828_스택", "BOJ_10828_스택\BOJ_10828_스택.vcxproj", "{A78E30EB-8428-42C4-B986-70451936A184}"
EndProject
Global
	GlobalSection(SolutionConfigurationPlatforms) = preSolution
		Debug|x64 = Debug|x64
		Debug|x86 = Debug|x86
		Release|x64 = Release|x64
		Release|x86 = Release|x86
	EndGlobalSection
	GlobalSection(ProjectConfigurationPlatforms) = postSolution
		{2A5562C8-90E9-4FE7-932E-EF97E6F754E6}.Debug|x64.ActiveCfg = Debug|x64
		{2A5562C8-90E9-4FE7-932E-EF97E6F754E6}.Debug|x64.Build.0 = Debug|x64
		{2A5562C8-90E9-4FE7-932E-EF97E6F754E6}.Debug|x86.ActiveCfg = Debug|Win32
		{2A5562C8-90E9-4FE7-932E-EF97E6F754E6}.Debug|x86.Build.0 = Debug|Win32
		{2A5562C8-90E9-4FE7-932E-EF97E6F754E6}.Release|x64.ActiveCfg = Release|x64
		{2A5562C8-90E9-4FE7-932E-EF97E6F754E6}.Release|x64.Build.0 = Release|x64
		{2A5562C8-90E9-4FE7-932E-EF97E6F754E6}.Release|x86.ActiveCfg = Release|Win32
		{2A5562C8-90E9-4FE7-932E-EF97E6F754E6}.Release|x86.Build.0 = Release|Win32
		{3643CD9F-5260-45FC-AD05-75E76B9EB8BA}.Debug|x64.ActiveCfg = Debug|x64
		{3643CD9F-5260-45FC-AD05-75E76B9EB8BA}.Debug|x64.Build.0 = Debug|x64
		{3643CD9F-5260-45FC-AD05-75E76B9EB8BA}.Debug|x86.ActiveCfg = Debug|Win32
		{3643CD9F-5260-45FC-AD05-75E76B9EB8BA}.Debug|x86.Build.0 = Debug|Win32
		{3643CD9F-5260-45FC-AD05-75E76B9EB8BA}.Release|x64.ActiveCfg = Release|x64
		{3643CD9F-5260-45FC-AD05-75E76B9EB8BA}.Release|x64.Build.0 = Release|x64
		{3643CD9F-5260-45FC-AD05-75E76B9EB8BA}.Release|x86.ActiveCfg = Release|Win32
		{3643CD9F-5260-45FC-AD05-75E76B9EB8BA}.Release|x86.Build.0 = Release|Win32
		{5F0C098A-246E-4B40-9717-6691A61EC27C}.Debug|x64.ActiveCfg = Debug|x64
		{5F0C098A-246E-4B40-9717-6691A61EC27C}.Debug|x64.Build.0 = Debug|x64
		{5F0C098A-246E-4B40-9717-6691A61EC27C}.Debug|x86.ActiveCfg = Debug|Win32
		{5F0C098A-246E-4B40-9717-6691A61EC27C}.Debug|x86.Build.0 = Debug|Win32
		{5F0C098A-246E-4B40-9717-6691A61EC27C}.Release|x64.ActiveCfg = Release|x64
		{5F0C098A-246E-4B40-9717-6691A61EC27C}.Release|x64.Build.0 = Release|x64
		{5F0C098A-246E-4B40-9717-6691A61EC27C}.Release|x86.ActiveCfg = Release|Win32
		{5F0C098A-246E-4B40-9717-6691A61EC27C}.Release|x86.Build.0 = Release|Win32
		{5DDCE430-4989-4967-AC94-804B355AF0E4}.Debug|x64.ActiveCfg = Debug|x64
		{5DDCE430-4989-4967-AC94-804B355AF0E4}.Debug|x64.Build.0 = Debug|x64
		{5DDCE430-4989-4967-AC94-804B355AF0E4}.Debug|x86.ActiveCfg = Debug|Win32
		{5DDCE430-4989-4967-AC94-804B355AF0E4}.Debug|x86.Build.0 = Debug|Win32
		{5DDCE430-4989-4967-AC94-804B355AF0E4}.Release|x64.ActiveCfg = Release|x64
		{5DDCE430-4989-4967-AC94-804B355AF0E4}.Release|x64.Build.0 = Release|x64
		{5DDCE430-4989-4967-AC94-804B355AF0E4}.Release|x86.ActiveCfg = Release|Win32
		{5DDCE430-4989-4967-AC94-804B355AF0E4}.Release|x86.Build.0 = Release|Win32
		{9B759254-F401-47BB-B40A-F7053568DED9}.Debug|x64.ActiveCfg = Debug|x64
		{9B759254-F401-47BB-B40A-F7053568DED9}.Debug|x64.Build.0 = Debug|x64
		{9B759254-F401-47BB-B40A-F7053568DED9}.Debug|x86.ActiveCfg = Debug|Win32
		{9B759254-F401-47BB-B40A-F7053568DED9}.Debug|x86.Build.0 = Debug|Win32
		{9B759254-F401-47BB-B40A-F7053568DED9}.Release|x64.ActiveCfg = Release|x64
		{9B759254-F401-47BB-B40A-F7053568DED9}.Release|x64.Build.0 = Release|x64
		{9B759254-F401-47BB-B40A-F7053568DED9}.Release|x86.ActiveCfg = Release|Win32
		{9B759254-F401-47BB-B40A-F7053568DED9}.Release|x86.Build.0 = Release|Win32
		{1D05CB1B-FEC0-4498-8A66-D373BE952491}.Debug|x64.ActiveCfg = Debug|x64
		{1D05CB1B-FEC0-4498-8A66-D373BE952491}.Debug|x64.Build.0 = Debug|x64
		{1D05CB1B-FEC0-4498-8A66-D373BE952491}.Debug|x86.ActiveCfg = Debug|Win32
		{1D05CB1B-FEC0-4498-8A66-D373BE952491}.Debug|x86.Build.0 = Debug|Win32
		{1D05CB1B-FEC0-4498-8A66-D373BE952491}.Release|x64.ActiveCfg = Release|x64
		{1D05CB1B-FEC0-4498-8A66-D373BE952491}.Release|x64.Build.0 = Release|x64
		{1D05CB1B-FEC0-4498-8A66-D373BE952491}.Release|x86.ActiveCfg = Release|Win32
		{1D05CB1B-FEC0-4498-8A66-D373BE952491}.Release|x86.Build.0 = Release|Win32
		{FF49144D-5FD9-4DCC-85CB-0123398EC88A}.Debug|x64.ActiveCfg = Debug|x64
		{FF49144D-5FD9-4DCC-85CB-0123398EC88A}.Debug|x64.Build.0 = Debug|x64
		{FF49144D-5FD9-4DCC-85CB-0123398EC88A}.Debug|x86.ActiveCfg = Debug|Win32
		{FF49144D-5FD9-4DCC-85CB-0123398EC88A}.Debug|x86.Build.0 = Debug|Win32
		{FF49144D-5FD9-4DCC-85CB-0123398EC88A}.Release|x64.ActiveCfg = Release|x64
		{FF49144D-5FD9-4DCC-85CB-0123398EC88A}.Release|x64.Build.0 = Release|x64
		{FF49144D-5FD9-4DCC-85CB-0123398EC88A}.Release|x86.ActiveCfg = Release|Win32
		{FF49144D-5FD9-4DCC-85CB-0123398EC88A}.Release|x86.Build.0 = Release|Win32
		{EB713F25-2AB6-4829-BCD1-4DC0019E6653}.Debug|x64.ActiveCfg = Debug|x64
		{EB713F25-2AB6-4829-BCD1-4DC0019E6653}.Debug|x64.Build.0 = Debug|x64
		{EB713F25-2AB6-4829-BCD1-4DC0019E6653}.Debug|x86.ActiveCfg = Debug|Win32
		{EB713F25-2AB6-4829-BCD1-4DC0019E6653}.Debug|x86.Build.0 = Debug|Win32
		{EB713F25-2AB6-4829-BCD1-4DC0019E6653}.Release|x64.ActiveCfg = Release|x64
		{EB713F25-2AB6-4829-BCD1-4DC0019E6653}.Release|x64.Build.0 = Release|x64
		{EB713F25-2AB6-4829-BCD1-4DC0019E6653}.Release|x86.ActiveCfg = Release|Win32
		{EB713F25-2AB6-4829-BCD1-4DC0019E6653}.Release|x86.Build.0 = Release|Win32
		{05D7D247-8253-4769-A8C3-EAC753C8B0BB}.Debug|x64.ActiveCfg = Debug|x64
		{05D7D247-8253-4769-A8C3-EAC753C8B0BB}.Debug|x64.Build.0 = Debug|x64
		{05D7D247-8253-4769-A8C3-EAC753C8B0BB}.Debug|x86.ActiveCfg = Debug|Win32
		{05D7D247-8253-4769-A8C3-EAC753C8B0BB}.Debug|x86.Build.0 = Debug|Win32
		{05D7D247-8253-4769-A8C3-EAC753C8B0BB}.Release|x64.ActiveCfg = Release|x64
		{05D7D247-8253-4769-A8C3-EAC753C8B0BB}.Release|x64.Build.0 = Release|x64
		{05D7D247-8253-4769-A8C3-EAC753C8B0BB}.Release|x86.ActiveCfg = Release|Win32
		{05D7D247-8253-4769-A8C3-EAC753C8B0BB}.Release|x86.Build.0 = Release|Win32
		{178B4FBE-8BC2-47DA-9DF2-D5EAFC74E7EE}.Debug|x64.ActiveCfg = Debug|x64
		{178B4FBE-8BC2-47DA-9DF2-D5EAFC74E7EE}.Debug|x64.Build.0 = Debug|x64
		{178B4FBE-8BC2-47DA-9DF2-D5EAFC74E7EE}.Debug|x86.ActiveCfg = Debug|Win32
		{178B4FBE-8BC2-47DA-9DF2-D5EAFC74E7EE}.Debug|x86.Build.0 = Debug|Win32
		{178B4FBE-8BC2-47DA-9DF2-D5EAFC74E7EE}.Release|x64.ActiveCfg = Release|x64
		{178B4FBE-8BC2-47DA-9DF2-D5EAFC74E7EE}.Release|x64.Build.0 = Release|x64
		{178B4FBE-8BC2-47DA-9DF2-D5EAFC74E7EE}.Release|x86.ActiveCfg = Release|Win32
		{178B4FBE-8BC2-47DA-9DF2-D5EAFC74E7EE}.Release|x86.Build.0 = Release|Win32
		{B1CC5DF6-6EE4-489F-A5C4-E95EA6BD0CFC}.Debug|x64.ActiveCfg = Debug|x64
		{B1CC5DF6-6EE4-489F-A5C4-E95EA6BD0CFC}.Debug|x64.Build.0 = Debug|x64
		{B1CC5DF6-6EE4-489F-A5C4-E95EA6BD0CFC}.Debug|x86.ActiveCfg = Debug|Win32
		{B1CC5DF6-6EE4-489F-A5C4-E95EA6BD0CFC}.Debug|x86.Build.0 = Debug|Win32
		{B1CC5DF6-6EE4-489F-A5C4-E95EA6BD0CFC}.Release|x64.ActiveCfg = Release|x64
		{B1CC5DF6-6EE4-489F-A5C4-E95EA6BD0CFC}.Release|x64.Build.0 = Release|x64
		{B1CC5DF6-6EE4-489F-A5C4-E95EA6BD0CFC}.Release|x86.ActiveCfg = Release|Win32
		{B1CC5DF6-6EE4-489F-A5C4-E95EA6BD0CFC}.Release|x86.Build.0 = Release|Win32
		{E4C9AB60-6A76-4C3F-8B34-C4D47B408D85}.Debug|x64.ActiveCfg = Debug|x64
		{E4C9AB60-6A76-4C3F-8B34-C4D47B408D85}.Debug|x64.Build.0 = Debug|x64
		{E4C9AB60-6A76-4C3F-8B34-C4D47B408D85}.Debug|x86.ActiveCfg = Debug|Win32
		{E4C9AB60-6A76-4C3F-8B34-C4D47B408D85}.Debug|x86.Build.0 = Debug|Win32
		{E4C9AB60-6A76-4C3F-8B34-C4D47B408D85}.Release|x64.ActiveCfg = Release|x64
		{E4C9AB60-6A76-4C3F-8B34-C4D47B408D85}.Release|x64.Build.0 = Release|x64
		{E4C9AB60-6A76-4C3F-8B34-C4D47B408D85}.Release|x86.ActiveCfg = Release|Win32
		{E4C9AB60-6A76-4C3F-8B34-C4D47B408D85}.Release|x86.Build.0 = Release|Win32
		{3E75589E-03EB-44A3-B888-CD54098057E6}.Debug|x64.ActiveCfg = Debug|x64
		{3E75589E-03EB-44A3-B888-CD54098057E6}.Debug|x64.Build.0 = Debug|x64
		{3E75589E-03EB-44A3-B888-CD54098057E6}.Debug|x86.ActiveCfg = Debug|Win32
		{3E75589E-03EB-44A3-B888-CD54098057E6}.Debug|x86.Build.0 = Debug|Win32
		{3E75589E-03EB-44A3-B888-CD54098057E6}.Release|x64.ActiveCfg = Release|x64
		{3E75589E-03EB-44A3-B888-CD54098057E6}.Release|x64.Build.0 = Release|x64
		{3E75589E-03EB-44A3-B888-CD54098057E6}.Release|x86.ActiveCfg = Release|Win32
		{3E75589E-03EB-44A3-B888-CD54098057E6}.Release|x86.Build.0 = Release|Win32
		{86A977CD-F216-45A9-8128-607EE441C7BA}.Debug|x64.ActiveCfg = Debug|x64
		{86A977CD-F216-45A9-8128-607EE441C7BA}.Debug|x64.Build.0 = Debug|x64
		{86A977CD-F216-45A9-8128-607EE441C7BA}.Debug|x86.ActiveCfg = Debug|Win32
		{86A977CD-F216-45A9-8128-607EE441C7BA}.Debug|x86.Build.0 = Debug|Win32
		{86A977CD-F216-45A9-8128-607EE441C7BA}.Release|x64.ActiveCfg = Release|x64
		{86A977CD-F216-45A9-8128-607EE441C7BA}.Release|x64.Build.0 = Release|x64
		{86A977CD-F216-45A9-8128-607EE441C7BA}.Release|x86.ActiveCfg = Release|Win32
		{86A977CD-F216-45A9-8128-607EE441C7BA}.Release|x86.Build.0 = Release|Win32
		{DA8CE800-D856-46F8-A5F8-79DEDA1841EE}.Debug|x64.ActiveCfg = Debug|x64
		{DA8CE800-D856-46F8-A5F8-79DEDA1841EE}.Debug|x64.Build.0 = Debug|x64
		{DA8CE800-D856-46F8-A5F8-79DEDA1841EE}.Debug|x86.ActiveCfg = Debug|Win32
		{DA8CE800-D856-46F8-A5F8-79DEDA1841EE}.Debug|x86.Build.0 = Debug|Win32
		{DA8CE800-D856-46F8-A5F8-79DEDA1841EE}.Release|x64.ActiveCfg = Release|x64
		{DA8CE800-D856-46F8-A5F8-79DEDA1841EE}.Release|x64.Build.0 = Release|x64
		{DA8CE800-D856-46F8-A5F8-79DEDA1841EE}.Release|x86.ActiveCfg = Release|Win32
		{DA8CE800-D856-46F8-A5F8-79DEDA1841EE}.Release|x86.Build.0 = Release|Win32
		{70FF5603-EEA2-412E-96BE-AC1CF6DD5C3B}.Debug|x64.ActiveCfg = Debug|x64
		{70FF5603-EEA2-412E-96BE-AC1CF6DD5C3B}.Debug|x64.Build.0 = Debug|x64
		{70FF5603-EEA2-412E-96BE-AC1CF6DD5C3B}.Debug|x86.ActiveCfg = Debug|Win32
		{70FF5603-EEA2-412E-96BE-AC1CF6DD5C3B}.Debug|x86.Build.0 = Debug|Win32
		{70FF5603-EEA2-412E-96BE-AC1CF6DD5C3B}.Release|x64.ActiveCfg = Release|x64
		{70FF5603-EEA2-412E-96BE-AC1CF6DD5C3B}.Release|x64.Build.0 = Release|x64
		{70FF5603-EEA2-412E-96BE-AC1CF6DD5C3B}.Release|x86.ActiveCfg = Release|Win32
		{70FF5603-EEA2-412E-96BE-AC1CF6DD5C3B}.Release|x86.Build.0 = Release|Win32
		{1822A354-B84A-46F1-A993-38625D4FCB6E}.Debug|x64.ActiveCfg = Debug|x64
		{1822A354-B84A-46F1-A993-38625D4FCB6E}.Debug|x64.Build.0 = Debug|x64
		{1822A354-B84A-46F1-A993-38625D4FCB6E}.Debug|x86.ActiveCfg = Debug|Win32
		{1822A354-B84A-46F1-A993-38625D4FCB6E}.Debug|x86.Build.0 = Debug|Win32
		{1822A354-B84A-46F1-A993-38625D4FCB6E}.Release|x64.ActiveCfg = Release|x64
		{1822A354-B84A-46F1-A993-38625D4FCB6E}.Release|x64.Build.0 = Release|x64
		{1822A354-B84A-46F1-A993-38625D4FCB6E}.Release|x86.ActiveCfg = Release|Win32
		{1822A354-B84A-46F1-A993-38625D4FCB6E}.Release|x86.Build.0 = Release|Win32
		{A7DA34C3-F9EF-4300-933B-D0322F23AA6A}.Debug|x64.ActiveCfg = Debug|x64
		{A7DA34C3-F9EF-4300-933B-D0322F23AA6A}.Debug|x64.Build.0 = Debug|x64
		{A7DA34C3-F9EF-4300-933B-D0322F23AA6A}.Debug|x86.ActiveCfg = Debug|Win32
		{A7DA34C3-F9EF-4300-933B-D0322F23AA6A}.Debug|x86.Build.0 = Debug|Win32
		{A7DA34C3-F9EF-4300-933B-D0322F23AA6A}.Release|x64.ActiveCfg = Release|x64
		{A7DA34C3-F9EF-4300-933B-D0322F23AA6A}.Release|x64.Build.0 = Release|x64
		{A7DA34C3-F9EF-4300-933B-D0322F23AA6A}.Release|x86.ActiveCfg = Release|Win32
		{A7DA34C3-F9EF-4300-933B-D0322F23AA6A}.Release|x86.Build.0 = Release|Win32
		{C2ACCF93-095B-4187-88CC-DC11DDA8861D}.Debug|x64.ActiveCfg = Debug|x64
		{C2ACCF93-095B-4187-88CC-DC11DDA8861D}.Debug|x64.Build.0 = Debug|x64
		{C2ACCF93-095B-4187-88CC-DC11DDA8861D}.Debug|x86.ActiveCfg = Debug|Win32
		{C2ACCF93-095B-4187-88CC-DC11DDA8861D}.Debug|x86.Build.0 = Debug|Win32
		{C2ACCF93-095B-4187-88CC-DC11DDA8861D}.Release|x64.ActiveCfg = Release|x64
		{C2ACCF93-095B-4187-88CC-DC11DDA8861D}.Release|x64.Build.0 = Release|x64
		{C2ACCF93-095B-4187-88CC-DC11DDA8861D}.Release|x86.ActiveCfg = Release|Win32
		{C2ACCF93-095B-4187-88CC-DC11DDA8861D}.Release|x86.Build.0 = Release|Win32
		{C16C194B-0FC4-47B1-A22B-E6EDDEF394F7}.Debug|x64.ActiveCfg = Debug|x64
		{C16C194B-0FC4-47B1-A22B-E6EDDEF394F7}.Debug|x64.Build.0 = Debug|x64
		{C16C194B-0FC4-47B1-A22B-E6EDDEF394F7}.Debug|x86.ActiveCfg = Debug|Win32
		{C16C194B-0FC4-47B1-A22B-E6EDDEF394F7}.Debug|x86.Build.0 = Debug|Win32
		{C16C194B-0FC4-47B1-A22B-E6EDDEF394F7}.Release|x64.ActiveCfg = Release|x64
		{C16C194B-0FC4-47B1-A22B-E6EDDEF394F7}.Release|x64.Build.0 = Release|x64
		{C16C194B-0FC4-47B1-A22B-E6EDDEF394F7}.Release|x86.ActiveCfg = Release|Win32
		{C16C194B-0FC4-47B1-A22B-E6EDDEF394F7}.Release|x86.Build.0 = Release|Win32
		{167AF0F0-B04B-4AFC-A24F-AF340966F801}.Debug|x64.ActiveCfg = Debug|x64
		{167AF0F0-B04B-4AFC-A24F-AF340966F801}.Debug|x64.Build.0 = Debug|x64
		{167AF0F0-B04B-4AFC-A24F-AF340966F801}.Debug|x86.ActiveCfg = Debug|Win32
		{167AF0F0-B04B-4AFC-A24F-AF340966F801}.Debug|x86.Build.0 = Debug|Win32
		{167AF0F0-B04B-4AFC-A24F-AF340966F801}.Release|x64.ActiveCfg = Release|x64
		{167AF0F0-B04B-4AFC-A24F-AF340966F801}.Release|x64.Build.0 = Release|x64
		{167AF0F0-B04B-4AFC-A24F-AF340966F801}.Release|x86.ActiveCfg = Release|Win32
		{167AF0F0-B04B-4AFC-A24F-AF340966F801}.Release|x86.Build.0 = Release|Win32
		{2157E840-A021-4449-B260-912CE436B129}.Debug|x64.ActiveCfg = Debug|x64
		{2157E840-A021-4449-B260-912CE436B129}.Debug|x64.Build.0 = Debug|x64
		{2157E840-A021-4449-B260-912CE436B129}.Debug|x86.ActiveCfg = Debug|Win32
		{2157E840-A021-4449-B260-912CE436B129}.Debug|x86.Build.0 = Debug|Win32
		{2157E840-A021-4449-B260-912CE436B129}.Release|x64.ActiveCfg = Release|x64
		{2157E840-A021-4449-B260-912CE436B129}.Release|x64.Build.0 = Release|x64
		{2157E840-A021-4449-B260-912CE436B129}.Release|x86.ActiveCfg = Release|Win32
		{2157E840-A021-4449-B260-912CE436B129}.Release|x86.Build.0 = Release|Win32
		{006E1002-C4BC-407C-BA73-7E113FF03449}.Debug|x64.ActiveCfg = Debug|x64
		{006E1002-C4BC-407C-BA73-7E113FF03449}.Debug|x64.Build.0 = Debug|x64
		{006E1002-C4BC-407C-BA73-7E113FF03449}.Debug|x86.ActiveCfg = Debug|Win32
		{006E1002-C4BC-407C-BA73-7E113FF03449}.Debug|x86.Build.0 = Debug|Win32
		{006E1002-C4BC-407C-BA73-7E113FF03449}.Release|x64.ActiveCfg = Release|x64
		{006E1002-C4BC-407C-BA73-7E113FF03449}.Release|x64.Build.0 = Release|x64
		{006E1002-C4BC-407C-BA73-7E113FF03449}.Release|x86.ActiveCfg = Release|Win32
		{006E1002-C4BC-407C-BA73-7E113FF03449}.Release|x86.Build.0 = Release|Win32
		{37572FE6-171E-4920-94EF-086E29D0EAF7}.Debug|x64.ActiveCfg = Debug|x64
		{37572FE6-171E-4920-94EF-086E29D0EAF7}.Debug|x64.Build.0 = Debug|x64
		{37572FE6-171E-4920-94EF-086E29D0EAF7}.Debug|x86.ActiveCfg = Debug|Win32
		{37572FE6-171E-4920-94EF-086E29D0EAF7}.Debug|x86.Build.0 = Debug|Win32
		{37572FE6-171E-4920-94EF-086E29D0EAF7}.Release|x64.ActiveCfg = Release|x64
		{37572FE6-171E-4920-94EF-086E29D0EAF7}.Release|x64.Build.0 = Release|x64
		{37572FE6-171E-4920-94EF-086E29D0EAF7}.Release|x86.ActiveCfg = Release|Win32
		{37572FE6-171E-4920-94EF-086E29D0EAF7}.Release|x86.Build.0 = Release|Win32
		{E1AB1CBD-4793-4219-9AC0-B4FAACE49E91}.Debug|x64.ActiveCfg = Debug|x64
		{E1AB1CBD-4793-4219-9AC0-B4FAACE49E91}.Debug|x64.Build.0 = Debug|x64
		{E1AB1CBD-4793-4219-9AC0-B4FAACE49E91}.Debug|x86.ActiveCfg = Debug|Win32
		{E1AB1CBD-4793-4219-9AC0-B4FAACE49E91}.Debug|x86.Build.0 = Debug|Win32
		{E1AB1CBD-4793-4219-9AC0-B4FAACE49E91}.Release|x64.ActiveCfg = Release|x64
		{E1AB1CBD-4793-4219-9AC0-B4FAACE49E91}.Release|x64.Build.0 = Release|x64
		{E1AB1CBD-4793-4219-9AC0-B4FAACE49E91}.Release|x86.ActiveCfg = Release|Win32
		{E1AB1CBD-4793-4219-9AC0-B4FAACE49E91}.Release|x86.Build.0 = Release|Win32
		{408D58E4-02B2-4E5D-89A8-BF4DA8AC9909}.Debug|x64.ActiveCfg = Debug|x64
		{408D58E4-02B2-4E5D-89A8-BF4DA8AC9909}.Debug|x64.Build.0 = Debug|x64
		{408D58E4-02B2-4E5D-89A8-BF4DA8AC9909}.Debug|x86.ActiveCfg = Debug|Win32
		{408D58E4-02B2-4E5D-89A8-BF4DA8AC9909}.Debug|x86.Build.0 = Debug|Win32
		{408D58E4-02B2-4E5D-89A8-BF4DA8AC9909}.Release|x64.ActiveCfg = Release|x64
		{408D58E4-02B2-4E5D-89A8-BF4DA8AC9909}.Release|x64.Build.0 = Release|x64
		{408D58E4-02B2-4E5D-89A8-BF4DA8AC9909}.Release|x86.ActiveCfg = Release|Win32
		{408D58E4-02B2-4E5D-89A8-BF4DA8AC9909}.Release|x86.Build.0 = Release|Win32
		{0BBB7C53-3DFA-40F7-9D3A-3AF10B570E47}.Debug|x64.ActiveCfg = Debug|x64
		{0BBB7C53-3DFA-40F7-9D3A-3AF10B570E47}.Debug|x64.Build.0 = Debug|x64
		{0BBB7C53-3DFA-40F7-9D3A-3AF10B570E47}.Debug|x86.ActiveCfg = Debug|Win32
		{0BBB7C53-3DFA-40F7-9D3A-3AF10B570E47}.Debug|x86.Build.0 = Debug|Win32
		{0BBB7C53-3DFA-40F7-9D3A-3AF10B570E47}.Release|x64.ActiveCfg = Release|x64
		{0BBB7C53-3DFA-40F7-9D3A-3AF10B570E47}.Release|x64.Build.0 = Release|x64
		{0BBB7C53-3DFA-40F7-9D3A-3AF10B570E47}.Release|x86.ActiveCfg = Release|Win32
		{0BBB7C53-3DFA-40F7-9D3A-3AF10B570E47}.Release|x86.Build.0 = Release|Win32
		{97A8528C-A1B9-4A97-873A-01E7BE0E8B39}.Debug|x64.ActiveCfg = Debug|x64
		{97A8528C-A1B9-4A97-873A-01E7BE0E8B39}.Debug|x64.Build.0 = Debug|x64
		{97A8528C-A1B9-4A97-873A-01E7BE0E8B39}.Debug|x86.ActiveCfg = Debug|Win32
		{97A8528C-A1B9-4A97-873A-01E7BE0E8B39}.Debug|x86.Build.0 = Debug|Win32
		{97A8528C-A1B9-4A97-873A-01E7BE0E8B39}.Release|x64.ActiveCfg = Release|x64
		{97A8528C-A1B9-4A97-873A-01E7BE0E8B39}.Release|x64.Build.0 = Release|x64
		{97A8528C-A1B9-4A97-873A-01E7BE0E8B39}.Release|x86.ActiveCfg = Release|Win32
		{97A8528C-A1B9-4A97-873A-01E7BE0E8B39}.Release|x86.Build.0 = Release|Win32
		{1F07CD6E-5F85-4233-9919-EB047692E47A}.Debug|x64.ActiveCfg = Debug|x64
		{1F07CD6E-5F85-4233-9919-EB047692E47A}.Debug|x64.Build.0 = Debug|x64
		{1F07CD6E-5F85-4233-9919-EB047692E47A}.Debug|x86.ActiveCfg = Debug|Win32
		{1F07CD6E-5F85-4233-9919-EB047692E47A}.Debug|x86.Build.0 = Debug|Win32
		{1F07CD6E-5F85-4233-9919-EB047692E47A}.Release|x64.ActiveCfg = Release|x64
		{1F07CD6E-5F85-4233-9919-EB047692E47A}.Release|x64.Build.0 = Release|x64
		{1F07CD6E-5F85-4233-9919-EB047692E47A}.Release|x86.ActiveCfg = Release|Win32
		{1F07CD6E-5F85-4233-9919-EB047692E47A}.Release|x86.Build.0 = Release|Win32
		{A78E30EB-8428-42C4-B986-70451936A184}.Debug|x64.ActiveCfg = Debug|x64
		{A78E30EB-8428-42C4-B986-70451936A184}.Debug|x64.Build.0 = Debug|x64
		{A78E30EB-8428-42C4-B986-70451936A184}.Debug|x86.ActiveCfg = Debug|Win32
		{A78E30EB-8428-42C4-B986-70451936A184}.Debug|x86.Build.0 = Debug|Win32
		{A78E30EB-8428-42C4-B986-70451936A184}.Release|x64.ActiveCfg = Release|x64
		{A78E30EB-8428-42C4-B986-70451936A184}.Release|x64.Build.0 = Release|x64
		{A78E30EB-8428-42C4-B986-70451936A184}.Release|x86.ActiveCfg = Release|Win32
		{A78E30EB-8428-42C4-B986-70451936A184}.Release|x86.Build.0 = Release|Win32
	EndGlobalSection
	GlobalSection(SolutionProperties) = preSolution
		HideSolutionNode = FALSE
	EndGlobalSection
	GlobalSection(ExtensibilityGlobals) = postSolution
		SolutionGuid = {6A620117-AB81-4107-98F0-BB0D33BB7311}
	EndGlobalSection
EndGlobal
